
Microsoft Visual Studio Solution File, Format Version 12.00
# Visual Studio 14
VisualStudioVersion = 14.0.25420.1
MinimumVisualStudioVersion = 10.0.40219.1
Project("{FAE04EC0-301F-11D3-BF4B-00C04F79EFBC}") = "DeanOffice", "WPF27082018\DeanOffice.csproj", "{F14A0891-04FD-48BF-93FF-C93D63318525}"
EndProject
Project("{FAE04EC0-301F-11D3-BF4B-00C04F79EFBC}") = "HMW_HP_department", "HMW_HP_department\HMW_HP_department.csproj", "{06779F2C-BC33-45BF-9087-D81FF848E005}"
EndProject
Project("{FAE04EC0-301F-11D3-BF4B-00C04F79EFBC}") = "MusicAlbumManager", "WpfApplication1\MusicAlbumManager.csproj", "{F03BB2CC-5717-4CE6-8225-CCEAFD062571}"
EndProject
Project("{FAE04EC0-301F-11D3-BF4B-00C04F79EFBC}") = "Shop", "Shop\Shop.csproj", "{B10DCFDF-B73E-47B6-8474-6F0C279127D5}"
EndProject
Project("{FAE04EC0-301F-11D3-BF4B-00C04F79EFBC}") = "TreeView", "TreeView\TreeView.csproj", "{53AA552C-5B53-4F36-BC8A-9840A195E3F6}"
EndProject
Project("{FAE04EC0-301F-11D3-BF4B-00C04F79EFBC}") = "BookReader", "BookReader\BookReader.csproj", "{0965BB0C-614D-46E3-A685-F08B9594A5E7}"
EndProject
Project("{FAE04EC0-301F-11D3-BF4B-00C04F79EFBC}") = "FlowDocument", "FlowDocument\FlowDocument.csproj", "{C6A47F02-56B4-4B40-B95F-C75471DA1D4F}"
EndProject
Global
	GlobalSection(SolutionConfigurationPlatforms) = preSolution
		Debug|Any CPU = Debug|Any CPU
		Release|Any CPU = Release|Any CPU
	EndGlobalSection
	GlobalSection(ProjectConfigurationPlatforms) = postSolution
		{F14A0891-04FD-48BF-93FF-C93D63318525}.Debug|Any CPU.ActiveCfg = Debug|Any CPU
		{F14A0891-04FD-48BF-93FF-C93D63318525}.Debug|Any CPU.Build.0 = Debug|Any CPU
		{F14A0891-04FD-48BF-93FF-C93D63318525}.Release|Any CPU.ActiveCfg = Release|Any CPU
		{F14A0891-04FD-48BF-93FF-C93D63318525}.Release|Any CPU.Build.0 = Release|Any CPU
		{06779F2C-BC33-45BF-9087-D81FF848E005}.Debug|Any CPU.ActiveCfg = Debug|Any CPU
		{06779F2C-BC33-45BF-9087-D81FF848E005}.Debug|Any CPU.Build.0 = Debug|Any CPU
		{06779F2C-BC33-45BF-9087-D81FF848E005}.Release|Any CPU.ActiveCfg = Release|Any CPU
		{06779F2C-BC33-45BF-9087-D81FF848E005}.Release|Any CPU.Build.0 = Release|Any CPU
		{F03BB2CC-5717-4CE6-8225-CCEAFD062571}.Debug|Any CPU.ActiveCfg = Debug|Any CPU
		{F03BB2CC-5717-4CE6-8225-CCEAFD062571}.Debug|Any CPU.Build.0 = Debug|Any CPU
		{F03BB2CC-5717-4CE6-8225-CCEAFD062571}.Release|Any CPU.ActiveCfg = Release|Any CPU
		{F03BB2CC-5717-4CE6-8225-CCEAFD062571}.Release|Any CPU.Build.0 = Release|Any CPU
		{B10DCFDF-B73E-47B6-8474-6F0C279127D5}.Debug|Any CPU.ActiveCfg = Debug|Any CPU
		{B10DCFDF-B73E-47B6-8474-6F0C279127D5}.Debug|Any CPU.Build.0 = Debug|Any CPU
		{B10DCFDF-B73E-47B6-8474-6F0C279127D5}.Release|Any CPU.ActiveCfg = Release|Any CPU
		{B10DCFDF-B73E-47B6-8474-6F0C279127D5}.Release|Any CPU.Build.0 = Release|Any CPU
		{53AA552C-5B53-4F36-BC8A-9840A195E3F6}.Debug|Any CPU.ActiveCfg = Debug|Any CPU
		{53AA552C-5B53-4F36-BC8A-9840A195E3F6}.Debug|Any CPU.Build.0 = Debug|Any CPU
		{53AA552C-5B53-4F36-BC8A-9840A195E3F6}.Release|Any CPU.ActiveCfg = Release|Any CPU
		{53AA552C-5B53-4F36-BC8A-9840A195E3F6}.Release|Any CPU.Build.0 = Release|Any CPU
		{0965BB0C-614D-46E3-A685-F08B9594A5E7}.Debug|Any CPU.ActiveCfg = Debug|Any CPU
		{0965BB0C-614D-46E3-A685-F08B9594A5E7}.Debug|Any CPU.Build.0 = Debug|Any CPU
		{0965BB0C-614D-46E3-A685-F08B9594A5E7}.Release|Any CPU.ActiveCfg = Release|Any CPU
		{0965BB0C-614D-46E3-A685-F08B9594A5E7}.Release|Any CPU.Build.0 = Release|Any CPU
		{C6A47F02-56B4-4B40-B95F-C75471DA1D4F}.Debug|Any CPU.ActiveCfg = Debug|Any CPU
		{C6A47F02-56B4-4B40-B95F-C75471DA1D4F}.Debug|Any CPU.Build.0 = Debug|Any CPU
		{C6A47F02-56B4-4B40-B95F-C75471DA1D4F}.Release|Any CPU.ActiveCfg = Release|Any CPU
		{C6A47F02-56B4-4B40-B95F-C75471DA1D4F}.Release|Any CPU.Build.0 = Release|Any CPU
	EndGlobalSection
	GlobalSection(SolutionProperties) = preSolution
		HideSolutionNode = FALSE
	EndGlobalSection
EndGlobal
