
Microsoft Visual Studio Solution File, Format Version 12.00
# Visual Studio 14
VisualStudioVersion = 14.0.25420.1
MinimumVisualStudioVersion = 10.0.40219.1
Project("{FAE04EC0-301F-11D3-BF4B-00C04F79EFBC}") = "DeanOffice", "WPF27082018\DeanOffice.csproj", "{F14A0891-04FD-48BF-93FF-C93D63318525}"
EndProject
Project("{FAE04EC0-301F-11D3-BF4B-00C04F79EFBC}") = "HMW_HP_department", "HMW_HP_department\HMW_HP_department.csproj", "{06779F2C-BC33-45BF-9087-D81FF848E005}"
EndProject
Project("{FAE04EC0-301F-11D3-BF4B-00C04F79EFBC}") = "MusicAlbumManager", "WpfApplication1\MusicAlbumManager.csproj", "{F03BB2CC-5717-4CE6-8225-CCEAFD062571}"
EndProject
Project("{FAE04EC0-301F-11D3-BF4B-00C04F79EFBC}") = "Shop", "Shop\Shop.csproj", "{B10DCFDF-B73E-47B6-8474-6F0C279127D5}"
EndProject
Project("{FAE04EC0-301F-11D3-BF4B-00C04F79EFBC}") = "TreeView", "TreeView\TreeView.csproj", "{53AA552C-5B53-4F36-BC8A-9840A195E3F6}"
EndProject
Project("{FAE04EC0-301F-11D3-BF4B-00C04F79EFBC}") = "BookReader", "BookReader\BookReader.csproj", "{0965BB0C-614D-46E3-A685-F08B9594A5E7}"
EndProject
Project("{FAE04EC0-301F-11D3-BF4B-00C04F79EFBC}") = "FlowDocument", "FlowDocument\FlowDocument.csproj", "{C6A47F02-56B4-4B40-B95F-C75471DA1D4F}"
EndProject
Project("{FAE04EC0-301F-11D3-BF4B-00C04F79EFBC}") = "CommandsStart", "CommandsStart\CommandsStart.csproj", "{FDA10EE1-D991-483B-96D3-14A449BE43DF}"
EndProject
Project("{FAE04EC0-301F-11D3-BF4B-00C04F79EFBC}") = "WPFGraphics", "WPFGraphics\WPFGraphics.csproj", "{96A3FBDB-6E49-457D-90C1-31CA2ACF6396}"
EndProject
Project("{FAE04EC0-301F-11D3-BF4B-00C04F79EFBC}") = "DiagramEditor", "DiagramEditor\DiagramEditor.csproj", "{1DAF5983-17EC-4214-8909-2C37FEE5EA7B}"
EndProject
Project("{FAE04EC0-301F-11D3-BF4B-00C04F79EFBC}") = "AnimationDemo", "AnimationDemo\AnimationDemo.csproj", "{150EB49A-78B2-4F9F-8F7B-7D1041377AC7}"
EndProject
Project("{FAE04EC0-301F-11D3-BF4B-00C04F79EFBC}") = "PhoneBook", "PhoneBook\PhoneBook\PhoneBook.csproj", "{03D35C9E-9A76-4AA7-BB4E-329C27A0772E}"
EndProject
Global
	GlobalSection(SolutionConfigurationPlatforms) = preSolution
		Debug|Any CPU = Debug|Any CPU
		Release|Any CPU = Release|Any CPU
	EndGlobalSection
	GlobalSection(ProjectConfigurationPlatforms) = postSolution
		{F14A0891-04FD-48BF-93FF-C93D63318525}.Debug|Any CPU.ActiveCfg = Debug|Any CPU
		{F14A0891-04FD-48BF-93FF-C93D63318525}.Debug|Any CPU.Build.0 = Debug|Any CPU
		{F14A0891-04FD-48BF-93FF-C93D63318525}.Release|Any CPU.ActiveCfg = Release|Any CPU
		{F14A0891-04FD-48BF-93FF-C93D63318525}.Release|Any CPU.Build.0 = Release|Any CPU
		{06779F2C-BC33-45BF-9087-D81FF848E005}.Debug|Any CPU.ActiveCfg = Debug|Any CPU
		{06779F2C-BC33-45BF-9087-D81FF848E005}.Debug|Any CPU.Build.0 = Debug|Any CPU
		{06779F2C-BC33-45BF-9087-D81FF848E005}.Release|Any CPU.ActiveCfg = Release|Any CPU
		{06779F2C-BC33-45BF-9087-D81FF848E005}.Release|Any CPU.Build.0 = Release|Any CPU
		{F03BB2CC-5717-4CE6-8225-CCEAFD062571}.Debug|Any CPU.ActiveCfg = Debug|Any CPU
		{F03BB2CC-5717-4CE6-8225-CCEAFD062571}.Debug|Any CPU.Build.0 = Debug|Any CPU
		{F03BB2CC-5717-4CE6-8225-CCEAFD062571}.Release|Any CPU.ActiveCfg = Release|Any CPU
		{F03BB2CC-5717-4CE6-8225-CCEAFD062571}.Release|Any CPU.Build.0 = Release|Any CPU
		{B10DCFDF-B73E-47B6-8474-6F0C279127D5}.Debug|Any CPU.ActiveCfg = Debug|Any CPU
		{B10DCFDF-B73E-47B6-8474-6F0C279127D5}.Debug|Any CPU.Build.0 = Debug|Any CPU
		{B10DCFDF-B73E-47B6-8474-6F0C279127D5}.Release|Any CPU.ActiveCfg = Release|Any CPU
		{B10DCFDF-B73E-47B6-8474-6F0C279127D5}.Release|Any CPU.Build.0 = Release|Any CPU
		{53AA552C-5B53-4F36-BC8A-9840A195E3F6}.Debug|Any CPU.ActiveCfg = Debug|Any CPU
		{53AA552C-5B53-4F36-BC8A-9840A195E3F6}.Debug|Any CPU.Build.0 = Debug|Any CPU
		{53AA552C-5B53-4F36-BC8A-9840A195E3F6}.Release|Any CPU.ActiveCfg = Release|Any CPU
		{53AA552C-5B53-4F36-BC8A-9840A195E3F6}.Release|Any CPU.Build.0 = Release|Any CPU
		{0965BB0C-614D-46E3-A685-F08B9594A5E7}.Debug|Any CPU.ActiveCfg = Debug|Any CPU
		{0965BB0C-614D-46E3-A685-F08B9594A5E7}.Debug|Any CPU.Build.0 = Debug|Any CPU
		{0965BB0C-614D-46E3-A685-F08B9594A5E7}.Release|Any CPU.ActiveCfg = Release|Any CPU
		{0965BB0C-614D-46E3-A685-F08B9594A5E7}.Release|Any CPU.Build.0 = Release|Any CPU
		{C6A47F02-56B4-4B40-B95F-C75471DA1D4F}.Debug|Any CPU.ActiveCfg = Debug|Any CPU
		{C6A47F02-56B4-4B40-B95F-C75471DA1D4F}.Debug|Any CPU.Build.0 = Debug|Any CPU
		{C6A47F02-56B4-4B40-B95F-C75471DA1D4F}.Release|Any CPU.ActiveCfg = Release|Any CPU
		{C6A47F02-56B4-4B40-B95F-C75471DA1D4F}.Release|Any CPU.Build.0 = Release|Any CPU
		{FDA10EE1-D991-483B-96D3-14A449BE43DF}.Debug|Any CPU.ActiveCfg = Debug|Any CPU
		{FDA10EE1-D991-483B-96D3-14A449BE43DF}.Debug|Any CPU.Build.0 = Debug|Any CPU
		{FDA10EE1-D991-483B-96D3-14A449BE43DF}.Release|Any CPU.ActiveCfg = Release|Any CPU
		{FDA10EE1-D991-483B-96D3-14A449BE43DF}.Release|Any CPU.Build.0 = Release|Any CPU
		{96A3FBDB-6E49-457D-90C1-31CA2ACF6396}.Debug|Any CPU.ActiveCfg = Debug|Any CPU
		{96A3FBDB-6E49-457D-90C1-31CA2ACF6396}.Debug|Any CPU.Build.0 = Debug|Any CPU
		{96A3FBDB-6E49-457D-90C1-31CA2ACF6396}.Release|Any CPU.ActiveCfg = Release|Any CPU
		{96A3FBDB-6E49-457D-90C1-31CA2ACF6396}.Release|Any CPU.Build.0 = Release|Any CPU
		{1DAF5983-17EC-4214-8909-2C37FEE5EA7B}.Debug|Any CPU.ActiveCfg = Debug|Any CPU
		{1DAF5983-17EC-4214-8909-2C37FEE5EA7B}.Debug|Any CPU.Build.0 = Debug|Any CPU
		{1DAF5983-17EC-4214-8909-2C37FEE5EA7B}.Release|Any CPU.ActiveCfg = Release|Any CPU
		{1DAF5983-17EC-4214-8909-2C37FEE5EA7B}.Release|Any CPU.Build.0 = Release|Any CPU
		{150EB49A-78B2-4F9F-8F7B-7D1041377AC7}.Debug|Any CPU.ActiveCfg = Debug|Any CPU
		{150EB49A-78B2-4F9F-8F7B-7D1041377AC7}.Debug|Any CPU.Build.0 = Debug|Any CPU
		{150EB49A-78B2-4F9F-8F7B-7D1041377AC7}.Release|Any CPU.ActiveCfg = Release|Any CPU
		{150EB49A-78B2-4F9F-8F7B-7D1041377AC7}.Release|Any CPU.Build.0 = Release|Any CPU
		{03D35C9E-9A76-4AA7-BB4E-329C27A0772E}.Debug|Any CPU.ActiveCfg = Debug|Any CPU
		{03D35C9E-9A76-4AA7-BB4E-329C27A0772E}.Debug|Any CPU.Build.0 = Debug|Any CPU
		{03D35C9E-9A76-4AA7-BB4E-329C27A0772E}.Release|Any CPU.ActiveCfg = Release|Any CPU
		{03D35C9E-9A76-4AA7-BB4E-329C27A0772E}.Release|Any CPU.Build.0 = Release|Any CPU
	EndGlobalSection
	GlobalSection(SolutionProperties) = preSolution
		HideSolutionNode = FALSE
	EndGlobalSection
EndGlobal
